
Microsoft Visual Studio Solution File, Format Version 12.00
# Visual Studio Version 17
VisualStudioVersion = 17.5.33424.131
MinimumVisualStudioVersion = 10.0.40219.1
Project("{9A19103F-16F7-4668-BE54-9A1E7A4F7556}") = "WebApi", "WebApi\WebApi.csproj", "{1F0A2327-D906-4092-A6F0-0E5C59F50118}"
EndProject
Project("{FAE04EC0-301F-11D3-BF4B-00C04F79EFBC}") = "WebMVC", "WebMVC\WebMVC.csproj", "{36AB6745-D69D-46C6-92C7-FC851DC695B3}"
EndProject
Global
	GlobalSection(SolutionConfigurationPlatforms) = preSolution
		Debug|Any CPU = Debug|Any CPU
		Release|Any CPU = Release|Any CPU
	EndGlobalSection
	GlobalSection(ProjectConfigurationPlatforms) = postSolution
		{1F0A2327-D906-4092-A6F0-0E5C59F50118}.Debug|Any CPU.ActiveCfg = Debug|Any CPU
		{1F0A2327-D906-4092-A6F0-0E5C59F50118}.Debug|Any CPU.Build.0 = Debug|Any CPU
		{1F0A2327-D906-4092-A6F0-0E5C59F50118}.Release|Any CPU.ActiveCfg = Release|Any CPU
		{1F0A2327-D906-4092-A6F0-0E5C59F50118}.Release|Any CPU.Build.0 = Release|Any CPU
		{36AB6745-D69D-46C6-92C7-FC851DC695B3}.Debug|Any CPU.ActiveCfg = Debug|Any CPU
		{36AB6745-D69D-46C6-92C7-FC851DC695B3}.Debug|Any CPU.Build.0 = Debug|Any CPU
		{36AB6745-D69D-46C6-92C7-FC851DC695B3}.Release|Any CPU.ActiveCfg = Release|Any CPU
		{36AB6745-D69D-46C6-92C7-FC851DC695B3}.Release|Any CPU.Build.0 = Release|Any CPU
	EndGlobalSection
	GlobalSection(SolutionProperties) = preSolution
		HideSolutionNode = FALSE
	EndGlobalSection
	GlobalSection(ExtensibilityGlobals) = postSolution
		SolutionGuid = {DD9E879B-6B19-4DAF-B2E2-9DEA2C15706F}
	EndGlobalSection
EndGlobal
